
Microsoft Visual Studio Solution File, Format Version 12.00
# Visual Studio Version 17
VisualStudioVersion = 17.7.34018.315
MinimumVisualStudioVersion = 10.0.40219.1
Project("{FAE04EC0-301F-11D3-BF4B-00C04F79EFBC}") = "Project", "Project.csproj", "{446B9774-4850-47D1-B3CF-4DDB02468168}"
EndProject
Project("{FAE04EC0-301F-11D3-BF4B-00C04F79EFBC}") = "resistance", "..\resistance\resistance.csproj", "{E097ED88-8E47-46E9-9215-88925C09A2FF}"
EndProject
Global
	GlobalSection(SolutionConfigurationPlatforms) = preSolution
		Debug|Any CPU = Debug|Any CPU
		Release|Any CPU = Release|Any CPU
	EndGlobalSection
	GlobalSection(ProjectConfigurationPlatforms) = postSolution
		{446B9774-4850-47D1-B3CF-4DDB02468168}.Debug|Any CPU.ActiveCfg = Debug|Any CPU
		{446B9774-4850-47D1-B3CF-4DDB02468168}.Debug|Any CPU.Build.0 = Debug|Any CPU
		{446B9774-4850-47D1-B3CF-4DDB02468168}.Release|Any CPU.ActiveCfg = Release|Any CPU
		{446B9774-4850-47D1-B3CF-4DDB02468168}.Release|Any CPU.Build.0 = Release|Any CPU
		{E097ED88-8E47-46E9-9215-88925C09A2FF}.Debug|Any CPU.ActiveCfg = Debug|Any CPU
		{E097ED88-8E47-46E9-9215-88925C09A2FF}.Debug|Any CPU.Build.0 = Debug|Any CPU
		{E097ED88-8E47-46E9-9215-88925C09A2FF}.Release|Any CPU.ActiveCfg = Release|Any CPU
		{E097ED88-8E47-46E9-9215-88925C09A2FF}.Release|Any CPU.Build.0 = Release|Any CPU
	EndGlobalSection
	GlobalSection(SolutionProperties) = preSolution
		HideSolutionNode = FALSE
	EndGlobalSection
	GlobalSection(ExtensibilityGlobals) = postSolution
		SolutionGuid = {0083CB4B-CC25-4C36-B5B0-35489EEAD6DE}
	EndGlobalSection
EndGlobal
